{
  "lockfileVersion": 1,
  "configVersion": 1,
  "workspaces": {
    "": {
      "name": "ecs-pf",
      "dependencies": {
        "@aws-sdk/client-ec2": "^3.830.0",
        "@aws-sdk/client-ecs": "^3.830.0",
        "@aws-sdk/client-rds": "^3.830.0",
        "@aws-sdk/client-ssm": "^3.830.0",
        "chalk": "^6.0.0",
        "decopin-cli": "2026.909.1531",
        "fuse.js": "^7.1.0",
        "remeda": "^2.23.1",
        "valibot": "^1.1.0",
      },
      "devDependencies": {
        "@types/bun": "^1.4.2",
        "oxfmt": "^0.67.0",
        "oxlint": "^1.81.0",
        "prettier": "^3.6.2",
      },
      "peerDependencies": {
        "typescript": "^5",
      },
    },
  },
  "packages": {
    "@aws-crypto/sha256-browser": ["@aws-crypto/sha256-browser@5.2.0", "", { "dependencies": { "@aws-crypto/sha256-js": "^5.2.0", "@aws-crypto/supports-web-crypto": "^5.2.0", "@aws-crypto/util": "^5.2.0", "@aws-sdk/types": "^3.222.0", "@aws-sdk/util-locate-window": "^3.0.0", "@smithy/util-utf8": "^2.0.0", "tslib": "^2.6.2" } }, "sha512-AXfN/lGotSQwu6HNcEsIASo7kWXZ5HYWvfOmSNKDsEqC4OashTp8alTmaz+F7TC2L083SFv5RdB+qU3Vs1kZqw=="],

    "@aws-crypto/sha256-js": ["@aws-crypto/sha256-js@5.2.0", "", { "dependencies": { "@aws-crypto/util": "^5.2.0", "@aws-sdk/types": "^3.222.0", "tslib": "^2.6.2" } }, "sha512-FFQQyu7edu4ufvIZ+OadFpHHOt+eSTBaYaki44c+akjg7qZg9oOQeLlk77F6tSYqjDAFClrHJk9tMf0HdVyOvA=="],

    "@aws-crypto/supports-web-crypto": ["@aws-crypto/supports-web-crypto@5.2.0", "", { "dependencies": { "tslib": "^2.6.2" } }, "sha512-iAvUotm021kM33eCdNfwIN//F77/IADDSs58i+MDaOqFrVjZo9bAal0NK7HurRuWLLpF1iLX7gbWrjHjeo+YFg=="],

    "@aws-crypto/util": ["@aws-crypto/util@5.2.0", "", { "dependencies": { "@aws-sdk/types": "^3.222.0", "@smithy/util-utf8": "^2.0.0", "tslib": "^2.6.2" } }, "sha512-4RkU9EsI6ZpBve5fseQlGNUWKMa1RLPQ1dnjnQoe07ldfIzcsGb5hC5W0Dm7u423KWzawlrpbjXBrXCEv9zazQ=="],

    "@aws-sdk/client-ec2": ["@aws-sdk/client-ec2@3.932.0", "", { "dependencies": { "@aws-crypto/sha256-browser": "5.2.0", "@aws-crypto/sha256-js": "5.2.0", "@aws-sdk/core": "3.932.0", "@aws-sdk/credential-provider-node": "3.932.0", "@aws-sdk/middleware-host-header": "3.930.0", "@aws-sdk/middleware-logger": "3.930.0", "@aws-sdk/middleware-recursion-detection": "3.930.0", "@aws-sdk/middleware-sdk-ec2": "3.930.0", "@aws-sdk/middleware-user-agent": "3.932.0", "@aws-sdk/region-config-resolver": "3.930.0", "@aws-sdk/types": "3.930.0", "@aws-sdk/util-endpoints": "3.930.0", "@aws-sdk/util-user-agent-browser": "3.930.0", "@aws-sdk/util-user-agent-node": "3.932.0", "@smithy/config-resolver": "^4.4.3", "@smithy/core": "^3.18.2", "@smithy/fetch-http-handler": "^5.3.6", "@smithy/hash-node": "^4.2.5", "@smithy/invalid-dependency": "^4.2.5", "@smithy/middleware-content-length": "^4.2.5", "@smithy/middleware-endpoint": "^4.3.9", "@smithy/middleware-retry": "^4.4.9", "@smithy/middleware-serde": "^4.2.5", "@smithy/middleware-stack": "^4.2.5", "@smithy/node-config-provider": "^4.3.5", "@smithy/node-http-handler": "^4.4.5", "@smithy/protocol-http": "^5.3.5", "@smithy/smithy-client": "^4.9.5", "@smithy/types": "^4.9.0", "@smithy/url-parser": "^4.2.5", "@smithy/util-base64": "^4.3.0", "@smithy/util-body-length-browser": "^4.2.0", "@smithy/util-body-length-node": "^4.2.1", "@smithy/util-defaults-mode-browser": "^4.3.8", "@smithy/util-defaults-mode-node": "^4.2.11", "@smithy/util-endpoints": "^3.2.5", "@smithy/util-middleware": "^4.2.5", "@smithy/util-retry": "^4.2.5", "@smithy/util-utf8": "^4.2.0", "@smithy/util-waiter": "^4.2.5", "tslib": "^2.6.2" } }, "sha512-9d7bd0N+Q+HiW1g9yOnLmgPocR7A5Udm4rb5ed7pZi0qLQCy9FaE0nVDFRaMyDXnONfE/IT698m3m0g8pJo3sA=="],

    "@aws-sdk/client-ecs": ["@aws-sdk/client-ecs@3.932.0", "", { "dependencies": { "@aws-crypto/sha256-browser": "5.2.0", "@aws-crypto/sha256-js": "5.2.0", "@aws-sdk/core": "3.932.0", "@aws-sdk/credential-provider-node": "3.932.0", "@aws-sdk/middleware-host-header": "3.930.0", "@aws-sdk/middleware-logger": "3.930.0", "@aws-sdk/middleware-recursion-detection": "3.930.0", "@aws-sdk/middleware-user-agent": "3.932.0", "@aws-sdk/region-config-resolver": "3.930.0", "@aws-sdk/types": "3.930.0", "@aws-sdk/util-endpoints": "3.930.0", "@aws-sdk/util-user-agent-browser": "3.930.0", "@aws-sdk/util-user-agent-node": "3.932.0", "@smithy/config-resolver": "^4.4.3", "@smithy/core": "^3.18.2", "@smithy/fetch-http-handler": "^5.3.6", "@smithy/hash-node": "^4.2.5", "@smithy/invalid-dependency": "^4.2.5", "@smithy/middleware-content-length": "^4.2.5", "@smithy/middleware-endpoint": "^4.3.9", "@smithy/middleware-retry": "^4.4.9", "@smithy/middleware-serde": "^4.2.5", "@smithy/middleware-stack": "^4.2.5", "@smithy/node-config-provider": "^4.3.5", "@smithy/node-http-handler": "^4.4.5", "@smithy/protocol-http": "^5.3.5", "@smithy/smithy-client": "^4.9.5", "@smithy/types": "^4.9.0", "@smithy/url-parser": "^4.2.5", "@smithy/util-base64": "^4.3.0", "@smithy/util-body-length-browser": "^4.2.0", "@smithy/util-body-length-node": "^4.2.1", "@smithy/util-defaults-mode-browser": "^4.3.8", "@smithy/util-defaults-mode-node": "^4.2.11", "@smithy/util-endpoints": "^3.2.5", "@smithy/util-middleware": "^4.2.5", "@smithy/util-retry": "^4.2.5", "@smithy/util-utf8": "^4.2.0", "@smithy/util-waiter": "^4.2.5", "tslib": "^2.6.2" } }, "sha512-KDtl8cFfbX3cUgCg2yQJG+p4NY8rdnG/9wrC+oAcl3J+7eCtzFHvap27Atul758SHGdqCKh31qflIpdDq5RAUA=="],

    "@aws-sdk/client-rds": ["@aws-sdk/client-rds@3.932.0", "", { "dependencies": { "@aws-crypto/sha256-browser": "5.2.0", "@aws-crypto/sha256-js": "5.2.0", "@aws-sdk/core": "3.932.0", "@aws-sdk/credential-provider-node": "3.932.0", "@aws-sdk/middleware-host-header": "3.930.0", "@aws-sdk/middleware-logger": "3.930.0", "@aws-sdk/middleware-recursion-detection": "3.930.0", "@aws-sdk/middleware-sdk-rds": "3.930.0", "@aws-sdk/middleware-user-agent": "3.932.0", "@aws-sdk/region-config-resolver": "3.930.0", "@aws-sdk/types": "3.930.0", "@aws-sdk/util-endpoints": "3.930.0", "@aws-sdk/util-user-agent-browser": "3.930.0", "@aws-sdk/util-user-agent-node": "3.932.0", "@smithy/config-resolver": "^4.4.3", "@smithy/core": "^3.18.2", "@smithy/fetch-http-handler": "^5.3.6", "@smithy/hash-node": "^4.2.5", "@smithy/invalid-dependency": "^4.2.5", "@smithy/middleware-content-length": "^4.2.5", "@smithy/middleware-endpoint": "^4.3.9", "@smithy/middleware-retry": "^4.4.9", "@smithy/middleware-serde": "^4.2.5", "@smithy/middleware-stack": "^4.2.5", "@smithy/node-config-provider": "^4.3.5", "@smithy/node-http-handler": "^4.4.5", "@smithy/protocol-http": "^5.3.5", "@smithy/smithy-client": "^4.9.5", "@smithy/types": "^4.9.0", "@smithy/url-parser": "^4.2.5", "@smithy/util-base64": "^4.3.0", "@smithy/util-body-length-browser": "^4.2.0", "@smithy/util-body-length-node": "^4.2.1", "@smithy/util-defaults-mode-browser": "^4.3.8", "@smithy/util-defaults-mode-node": "^4.2.11", "@smithy/util-endpoints": "^3.2.5", "@smithy/util-middleware": "^4.2.5", "@smithy/util-retry": "^4.2.5", "@smithy/util-utf8": "^4.2.0", "@smithy/util-waiter": "^4.2.5", "tslib": "^2.6.2" } }, "sha512-DoC8H2kpxnFw5ldzAilpsahqcQCH8a4T2erV/mh135xpE5oF/ft64wUz2rXYM44S612/ixBiYGKFPhNqplF/VA=="],

    "@aws-sdk/client-ssm": ["@aws-sdk/client-ssm@3.932.0", "", { "dependencies": { "@aws-crypto/sha256-browser": "5.2.0", "@aws-crypto/sha256-js": "5.2.0", "@aws-sdk/core": "3.932.0", "@aws-sdk/credential-provider-node": "3.932.0", "@aws-sdk/middleware-host-header": "3.930.0", "@aws-sdk/middleware-logger": "3.930.0", "@aws-sdk/middleware-recursion-detection": "3.930.0", "@aws-sdk/middleware-user-agent": "3.932.0", "@aws-sdk/region-config-resolver": "3.930.0", "@aws-sdk/types": "3.930.0", "@aws-sdk/util-endpoints": "3.930.0", "@aws-sdk/util-user-agent-browser": "3.930.0", "@aws-sdk/util-user-agent-node": "3.932.0", "@smithy/config-resolver": "^4.4.3", "@smithy/core": "^3.18.2", "@smithy/fetch-http-handler": "^5.3.6", "@smithy/hash-node": "^4.2.5", "@smithy/invalid-dependency": "^4.2.5", "@smithy/middleware-content-length": "^4.2.5", "@smithy/middleware-endpoint": "^4.3.9", "@smithy/middleware-retry": "^4.4.9", "@smithy/middleware-serde": "^4.2.5", "@smithy/middleware-stack": "^4.2.5", "@smithy/node-config-provider": "^4.3.5", "@smithy/node-http-handler": "^4.4.5", "@smithy/protocol-http": "^5.3.5", "@smithy/smithy-client": "^4.9.5", "@smithy/types": "^4.9.0", "@smithy/url-parser": "^4.2.5", "@smithy/util-base64": "^4.3.0", "@smithy/util-body-length-browser": "^4.2.0", "@smithy/util-body-length-node": "^4.2.1", "@smithy/util-defaults-mode-browser": "^4.3.8", "@smithy/util-defaults-mode-node": "^4.2.11", "@smithy/util-endpoints": "^3.2.5", "@smithy/util-middleware": "^4.2.5", "@smithy/util-retry": "^4.2.5", "@smithy/util-utf8": "^4.2.0", "@smithy/util-waiter": "^4.2.5", "tslib": "^2.6.2" } }, "sha512-QgN6KAX2q/x4fIOjMYr70aaGTQK0nHL8C5CzZ2CUesIf+rf+gwysFbO+AaEeL4ZHaP/klkdzH0SKFfqA34LPog=="],

    "@aws-sdk/client-sso": ["@aws-sdk/client-sso@3.932.0", "", { "dependencies": { "@aws-crypto/sha256-browser": "5.2.0", "@aws-crypto/sha256-js": "5.2.0", "@aws-sdk/core": "3.932.0", "@aws-sdk/middleware-host-header": "3.930.0", "@aws-sdk/middleware-logger": "3.930.0", "@aws-sdk/middleware-recursion-detection": "3.930.0", "@aws-sdk/middleware-user-agent": "3.932.0", "@aws-sdk/region-config-resolver": "3.930.0", "@aws-sdk/types": "3.930.0", "@aws-sdk/util-endpoints": "3.930.0", "@aws-sdk/util-user-agent-browser": "3.930.0", "@aws-sdk/util-user-agent-node": "3.932.0", "@smithy/config-resolver": "^4.4.3", "@smithy/core": "^3.18.2", "@smithy/fetch-http-handler": "^5.3.6", "@smithy/hash-node": "^4.2.5", "@smithy/invalid-dependency": "^4.2.5", "@smithy/middleware-content-length": "^4.2.5", "@smithy/middleware-endpoint": "^4.3.9", "@smithy/middleware-retry": "^4.4.9", "@smithy/middleware-serde": "^4.2.5", "@smithy/middleware-stack": "^4.2.5", "@smithy/node-config-provider": "^4.3.5", "@smithy/node-http-handler": "^4.4.5", "@smithy/protocol-http": "^5.3.5", "@smithy/smithy-client": "^4.9.5", "@smithy/types": "^4.9.0", "@smithy/url-parser": "^4.2.5", "@smithy/util-base64": "^4.3.0", "@smithy/util-body-length-browser": "^4.2.0", "@smithy/util-body-length-node": "^4.2.1", "@smithy/util-defaults-mode-browser": "^4.3.8", "@smithy/util-defaults-mode-node": "^4.2.11", "@smithy/util-endpoints": "^3.2.5", "@smithy/util-middleware": "^4.2.5", "@smithy/util-retry": "^4.2.5", "@smithy/util-utf8": "^4.2.0", "tslib": "^2.6.2" } }, "sha512-XHqHa5iv2OQsKoM2tUQXs7EAyryploC00Wg0XSFra/KAKqyGizUb5XxXsGlyqhebB29Wqur+zwiRwNmejmN0+Q=="],

    "@aws-sdk/core": ["@aws-sdk/core@3.932.0", "", { "dependencies": { "@aws-sdk/types": "3.930.0", "@aws-sdk/xml-builder": "3.930.0", "@smithy/core": "^3.18.2", "@smithy/node-config-provider": "^4.3.5", "@smithy/property-provider": "^4.2.5", "@smithy/protocol-http": "^5.3.5", "@smithy/signature-v4": "^5.3.5", "@smithy/smithy-client": "^4.9.5", "@smithy/types": "^4.9.0", "@smithy/util-base64": "^4.3.0", "@smithy/util-middleware": "^4.2.5", "@smithy/util-utf8": "^4.2.0", "tslib": "^2.6.2" } }, "sha512-AS8gypYQCbNojwgjvZGkJocC2CoEICDx9ZJ15ILsv+MlcCVLtUJSRSx3VzJOUY2EEIaGLRrPNlIqyn/9/fySvA=="],

    "@aws-sdk/credential-provider-env": ["@aws-sdk/credential-provider-env@3.932.0", "", { "dependencies": { "@aws-sdk/core": "3.932.0", "@aws-sdk/types": "3.930.0", "@smithy/property-provider": "^4.2.5", "@smithy/types": "^4.9.0", "tslib": "^2.6.2" } }, "sha512-ozge/c7NdHUDyHqro6+P5oHt8wfKSUBN+olttiVfBe9Mw3wBMpPa3gQ0pZnG+gwBkKskBuip2bMR16tqYvUSEA=="],

    "@aws-sdk/credential-provider-http": ["@aws-sdk/credential-provider-http@3.932.0", "", { "dependencies": { "@aws-sdk/core": "3.932.0", "@aws-sdk/types": "3.930.0", "@smithy/fetch-http-handler": "^5.3.6", "@smithy/node-http-handler": "^4.4.5", "@smithy/property-provider": "^4.2.5", "@smithy/protocol-http": "^5.3.5", "@smithy/smithy-client": "^4.9.5", "@smithy/types": "^4.9.0", "@smithy/util-stream": "^4.5.6", "tslib": "^2.6.2" } }, "sha512-b6N9Nnlg8JInQwzBkUq5spNaXssM3h3zLxGzpPrnw0nHSIWPJPTbZzA5Ca285fcDUFuKP+qf3qkuqlAjGOdWhg=="],

    "@aws-sdk/credential-provider-ini": ["@aws-sdk/credential-provider-ini@3.932.0", "", { "dependencies": { "@aws-sdk/core": "3.932.0", "@aws-sdk/credential-provider-env": "3.932.0", "@aws-sdk/credential-provider-http": "3.932.0", "@aws-sdk/credential-provider-process": "3.932.0", "@aws-sdk/credential-provider-sso": "3.932.0", "@aws-sdk/credential-provider-web-identity": "3.932.0", "@aws-sdk/nested-clients": "3.932.0", "@aws-sdk/types": "3.930.0", "@smithy/credential-provider-imds": "^4.2.5", "@smithy/property-provider": "^4.2.5", "@smithy/shared-ini-file-loader": "^4.4.0", "@smithy/types": "^4.9.0", "tslib": "^2.6.2" } }, "sha512-ZBjSAXVGy7danZRHCRMJQ7sBkG1Dz39thYlvTiUaf9BKZ+8ymeiFhuTeV1OkWUBBnY0ki2dVZJvboTqfINhNxA=="],

    "@aws-sdk/credential-provider-node": ["@aws-sdk/credential-provider-node@3.932.0", "", { "dependencies": { "@aws-sdk/credential-provider-env": "3.932.0", "@aws-sdk/credential-provider-http": "3.932.0", "@aws-sdk/credential-provider-ini": "3.932.0", "@aws-sdk/credential-provider-process": "3.932.0", "@aws-sdk/credential-provider-sso": "3.932.0", "@aws-sdk/credential-provider-web-identity": "3.932.0", "@aws-sdk/types": "3.930.0", "@smithy/credential-provider-imds": "^4.2.5", "@smithy/property-provider": "^4.2.5", "@smithy/shared-ini-file-loader": "^4.4.0", "@smithy/types": "^4.9.0", "tslib": "^2.6.2" } }, "sha512-SEG9t2taBT86qe3gTunfrK8BxT710GVLGepvHr+X5Pw+qW225iNRaGN0zJH+ZE/j91tcW9wOaIoWnURkhR5wIg=="],

    "@aws-sdk/credential-provider-process": ["@aws-sdk/credential-provider-process@3.932.0", "", { "dependencies": { "@aws-sdk/core": "3.932.0", "@aws-sdk/types": "3.930.0", "@smithy/property-provider": "^4.2.5", "@smithy/shared-ini-file-loader": "^4.4.0", "@smithy/types": "^4.9.0", "tslib": "^2.6.2" } }, "sha512-BodZYKvT4p/Dkm28Ql/FhDdS1+p51bcZeMMu2TRtU8PoMDHnVDhHz27zASEKSZwmhvquxHrZHB0IGuVqjZUtSQ=="],

    "@aws-sdk/credential-provider-sso": ["@aws-sdk/credential-provider-sso@3.932.0", "", { "dependencies": { "@aws-sdk/client-sso": "3.932.0", "@aws-sdk/core": "3.932.0", "@aws-sdk/token-providers": "3.932.0", "@aws-sdk/types": "3.930.0", "@smithy/property-provider": "^4.2.5", "@smithy/shared-ini-file-loader": "^4.4.0", "@smithy/types": "^4.9.0", "tslib": "^2.6.2" } }, "sha512-XYmkv+ltBjjmPZ6AmR1ZQZkQfD0uzG61M18/Lif3HAGxyg3dmod0aWx9aL6lj9SvxAGqzscrx5j4PkgLqjZruw=="],

    "@aws-sdk/credential-provider-web-identity": ["@aws-sdk/credential-provider-web-identity@3.932.0", "", { "dependencies": { "@aws-sdk/core": "3.932.0", "@aws-sdk/nested-clients": "3.932.0", "@aws-sdk/types": "3.930.0", "@smithy/property-provider": "^4.2.5", "@smithy/shared-ini-file-loader": "^4.4.0", "@smithy/types": "^4.9.0", "tslib": "^2.6.2" } }, "sha512-Yw/hYNnC1KHuVIQF9PkLXbuKN7ljx70OSbJYDRufllQvej3kRwNcqQSnzI1M4KaObccqKaE6srg22DqpPy9p8w=="],

    "@aws-sdk/middleware-host-header": ["@aws-sdk/middleware-host-header@3.930.0", "", { "dependencies": { "@aws-sdk/types": "3.930.0", "@smithy/protocol-http": "^5.3.5", "@smithy/types": "^4.9.0", "tslib": "^2.6.2" } }, "sha512-x30jmm3TLu7b/b+67nMyoV0NlbnCVT5DI57yDrhXAPCtdgM1KtdLWt45UcHpKOm1JsaIkmYRh2WYu7Anx4MG0g=="],

    "@aws-sdk/middleware-logger": ["@aws-sdk/middleware-logger@3.930.0", "", { "dependencies": { "@aws-sdk/types": "3.930.0", "@smithy/types": "^4.9.0", "tslib": "^2.6.2" } }, "sha512-vh4JBWzMCBW8wREvAwoSqB2geKsZwSHTa0nSt0OMOLp2PdTYIZDi0ZiVMmpfnjcx9XbS6aSluLv9sKx4RrG46A=="],

    "@aws-sdk/middleware-recursion-detection": ["@aws-sdk/middleware-recursion-detection@3.930.0", "", { "dependencies": { "@aws-sdk/types": "3.930.0", "@aws/lambda-invoke-store": "^0.1.1", "@smithy/protocol-http": "^5.3.5", "@smithy/types": "^4.9.0", "tslib": "^2.6.2" } }, "sha512-gv0sekNpa2MBsIhm2cjP3nmYSfI4nscx/+K9u9ybrWZBWUIC4kL2sV++bFjjUz4QxUIlvKByow3/a9ARQyCu7Q=="],

    "@aws-sdk/middleware-sdk-ec2": ["@aws-sdk/middleware-sdk-ec2@3.930.0", "", { "dependencies": { "@aws-sdk/types": "3.930.0", "@aws-sdk/util-format-url": "3.930.0", "@smithy/middleware-endpoint": "^4.3.9", "@smithy/protocol-http": "^5.3.5", "@smithy/signature-v4": "^5.3.5", "@smithy/smithy-client": "^4.9.5", "@smithy/types": "^4.9.0", "tslib": "^2.6.2" } }, "sha512-AJ9WiDBJLfByW5eMEStE2CsJM2e+KT8d7LaJ6JiRp0Lht5UU+Zj/Qd5dFGraNW449FVnWNk2OZF/vVYlqW2ShQ=="],

    "@aws-sdk/middleware-sdk-rds": ["@aws-sdk/middleware-sdk-rds@3.930.0", "", { "dependencies": { "@aws-sdk/types": "3.930.0", "@aws-sdk/util-format-url": "3.930.0", "@smithy/middleware-endpoint": "^4.3.9", "@smithy/protocol-http": "^5.3.5", "@smithy/signature-v4": "^5.3.5", "@smithy/types": "^4.9.0", "tslib": "^2.6.2" } }, "sha512-2VTlx7eLP7QivvmOi9iYlT41sWPQZB8l9/4bZqm4/4M5MAEcXewhhqDr0X265uz2KqJZtAxdHxXkwpBlT6Db0g=="],

    "@aws-sdk/middleware-user-agent": ["@aws-sdk/middleware-user-agent@3.932.0", "", { "dependencies": { "@aws-sdk/core": "3.932.0", "@aws-sdk/types": "3.930.0", "@aws-sdk/util-endpoints": "3.930.0", "@smithy/core": "^3.18.2", "@smithy/protocol-http": "^5.3.5", "@smithy/types": "^4.9.0", "tslib": "^2.6.2" } }, "sha512-9BGTbJyA/4PTdwQWE9hAFIJGpsYkyEW20WON3i15aDqo5oRZwZmqaVageOD57YYqG8JDJjvcwKyDdR4cc38dvg=="],

    "@aws-sdk/nested-clients": ["@aws-sdk/nested-clients@3.932.0", "", { "dependencies": { "@aws-crypto/sha256-browser": "5.2.0", "@aws-crypto/sha256-js": "5.2.0", "@aws-sdk/core": "3.932.0", "@aws-sdk/middleware-host-header": "3.930.0", "@aws-sdk/middleware-logger": "3.930.0", "@aws-sdk/middleware-recursion-detection": "3.930.0", "@aws-sdk/middleware-user-agent": "3.932.0", "@aws-sdk/region-config-resolver": "3.930.0", "@aws-sdk/types": "3.930.0", "@aws-sdk/util-endpoints": "3.930.0", "@aws-sdk/util-user-agent-browser": "3.930.0", "@aws-sdk/util-user-agent-node": "3.932.0", "@smithy/config-resolver": "^4.4.3", "@smithy/core": "^3.18.2", "@smithy/fetch-http-handler": "^5.3.6", "@smithy/hash-node": "^4.2.5", "@smithy/invalid-dependency": "^4.2.5", "@smithy/middleware-content-length": "^4.2.5", "@smithy/middleware-endpoint": "^4.3.9", "@smithy/middleware-retry": "^4.4.9", "@smithy/middleware-serde": "^4.2.5", "@smithy/middleware-stack": "^4.2.5", "@smithy/node-config-provider": "^4.3.5", "@smithy/node-http-handler": "^4.4.5", "@smithy/protocol-http": "^5.3.5", "@smithy/smithy-client": "^4.9.5", "@smithy/types": "^4.9.0", "@smithy/url-parser": "^4.2.5", "@smithy/util-base64": "^4.3.0", "@smithy/util-body-length-browser": "^4.2.0", "@smithy/util-body-length-node": "^4.2.1", "@smithy/util-defaults-mode-browser": "^4.3.8", "@smithy/util-defaults-mode-node": "^4.2.11", "@smithy/util-endpoints": "^3.2.5", "@smithy/util-middleware": "^4.2.5", "@smithy/util-retry": "^4.2.5", "@smithy/util-utf8": "^4.2.0", "tslib": "^2.6.2" } }, "sha512-E2ucBfiXSpxZflHTf3UFbVwao4+7v7ctAeg8SWuglc1UMqMlpwMFFgWiSONtsf0SR3+ZDoWGATyCXOfDWerJuw=="],

    "@aws-sdk/region-config-resolver": ["@aws-sdk/region-config-resolver@3.930.0", "", { "dependencies": { "@aws-sdk/types": "3.930.0", "@smithy/config-resolver": "^4.4.3", "@smithy/node-config-provider": "^4.3.5", "@smithy/types": "^4.9.0", "tslib": "^2.6.2" } }, "sha512-KL2JZqH6aYeQssu1g1KuWsReupdfOoxD6f1as2VC+rdwYFUu4LfzMsFfXnBvvQWWqQ7rZHWOw1T+o5gJmg7Dzw=="],

    "@aws-sdk/token-providers": ["@aws-sdk/token-providers@3.932.0", "", { "dependencies": { "@aws-sdk/core": "3.932.0", "@aws-sdk/nested-clients": "3.932.0", "@aws-sdk/types": "3.930.0", "@smithy/property-provider": "^4.2.5", "@smithy/shared-ini-file-loader": "^4.4.0", "@smithy/types": "^4.9.0", "tslib": "^2.6.2" } }, "sha512-43u82ulVuHK4zWhcSPyuPS18l0LNHi3QJQ1YtP2MfP8bPf5a6hMYp5e3lUr9oTDEWcpwBYtOW0m1DVmoU/3veA=="],

    "@aws-sdk/types": ["@aws-sdk/types@3.930.0", "", { "dependencies": { "@smithy/types": "^4.9.0", "tslib": "^2.6.2" } }, "sha512-we/vaAgwlEFW7IeftmCLlLMw+6hFs3DzZPJw7lVHbj/5HJ0bz9gndxEsS2lQoeJ1zhiiLqAqvXxmM43s0MBg0A=="],

    "@aws-sdk/util-endpoints": ["@aws-sdk/util-endpoints@3.930.0", "", { "dependencies": { "@aws-sdk/types": "3.930.0", "@smithy/types": "^4.9.0", "@smithy/url-parser": "^4.2.5", "@smithy/util-endpoints": "^3.2.5", "tslib": "^2.6.2" } }, "sha512-M2oEKBzzNAYr136RRc6uqw3aWlwCxqTP1Lawps9E1d2abRPvl1p1ztQmmXp1Ak4rv8eByIZ+yQyKQ3zPdRG5dw=="],

    "@aws-sdk/util-format-url": ["@aws-sdk/util-format-url@3.930.0", "", { "dependencies": { "@aws-sdk/types": "3.930.0", "@smithy/querystring-builder": "^4.2.5", "@smithy/types": "^4.9.0", "tslib": "^2.6.2" } }, "sha512-FW6Im17Zc7F5WT39XUgDOjtJO95Yu8rsmeRHf7z+Y3FamtTSzH4f713BD/qMyJBrZIlFACWlok/Uuvdl5/qtMg=="],

    "@aws-sdk/util-locate-window": ["@aws-sdk/util-locate-window@3.893.0", "", { "dependencies": { "tslib": "^2.6.2" } }, "sha512-T89pFfgat6c8nMmpI8eKjBcDcgJq36+m9oiXbcUzeU55MP9ZuGgBomGjGnHaEyF36jenW9gmg3NfZDm0AO2XPg=="],

    "@aws-sdk/util-user-agent-browser": ["@aws-sdk/util-user-agent-browser@3.930.0", "", { "dependencies": { "@aws-sdk/types": "3.930.0", "@smithy/types": "^4.9.0", "bowser": "^2.11.0", "tslib": "^2.6.2" } }, "sha512-q6lCRm6UAe+e1LguM5E4EqM9brQlDem4XDcQ87NzEvlTW6GzmNCO0w1jS0XgCFXQHjDxjdlNFX+5sRbHijwklg=="],

    "@aws-sdk/util-user-agent-node": ["@aws-sdk/util-user-agent-node@3.932.0", "", { "dependencies": { "@aws-sdk/middleware-user-agent": "3.932.0", "@aws-sdk/types": "3.930.0", "@smithy/node-config-provider": "^4.3.5", "@smithy/types": "^4.9.0", "tslib": "^2.6.2" }, "peerDependencies": { "aws-crt": ">=1.0.0" }, "optionalPeers": ["aws-crt"] }, "sha512-/kC6cscHrZL74TrZtgiIL5jJNbVsw9duGGPurmaVgoCbP7NnxyaSWEurbNV3VPNPhNE3bV3g4Ci+odq+AlsYQg=="],

    "@aws-sdk/xml-builder": ["@aws-sdk/xml-builder@3.930.0", "", { "dependencies": { "@smithy/types": "^4.9.0", "fast-xml-parser": "5.2.5", "tslib": "^2.6.2" } }, "sha512-YIfkD17GocxdmlUVc3ia52QhcWuRIUJonbF8A2CYfcWNV3HzvAqpcPeC0bYUhkK+8e8YO1ARnLKZQE0TlwzorA=="],

    "@aws/lambda-invoke-store": ["@aws/lambda-invoke-store@0.1.1", "", {}, "sha512-RcLam17LdlbSOSp9VxmUu1eI6Mwxp+OwhD2QhiSNmNCzoDb0EeUXTD2n/WbcnrAYMGlmf05th6QYq23VqvJqpA=="],

    "@oxfmt/binding-android-arm-eabi": ["@oxfmt/binding-android-arm-eabi@0.67.0", "", { "os": "android", "cpu": "arm" }, "sha512-2olh3ioEmc4gRzQm7jxyB1b/PFBoFvTq8KdgYySeNpysDtA6DEg2Mvya4/I6flhL7G0eOrE8RD7JCNCIMhE16Q=="],

    "@oxfmt/binding-android-arm64": ["@oxfmt/binding-android-arm64@0.67.0", "", { "os": "android", "cpu": "arm64" }, "sha512-ulfw8EHN1MBq/MFFDXw2/M1VAFu5mRUcnuZ8Hqbv9viAnFzO9t1jKSAsDqKYYDGMlytF/uj6Z5z5n/tHupnKhw=="],

    "@oxfmt/binding-darwin-arm64": ["@oxfmt/binding-darwin-arm64@0.67.0", "", { "os": "darwin", "cpu": "arm64" }, "sha512-MfONZx/O2o9M5v2jDFol556G9+A+P9xCuJ4DZ+qhE+RnaCdoscy6Eu5nq1dbuNxhwdJyZ6kLI7fnG9mwEeOeGg=="],

    "@oxfmt/binding-darwin-x64": ["@oxfmt/binding-darwin-x64@0.67.0", "", { "os": "darwin", "cpu": "x64" }, "sha512-CYnIx5LvFVJnyJcCqwH2jxMKjFjqo5678MPjdmNFoSGMhlOvZ/xRZqvhDcolKrXc8fezW3AKh+C4wyoFuWOSSg=="],

    "@oxfmt/binding-freebsd-x64": ["@oxfmt/binding-freebsd-x64@0.67.0", "", { "os": "freebsd", "cpu": "x64" }, "sha512-7/iF1orvIS9mxhKUqnmtMgm+OrSQ5acPwuvdQrm6ECgqbwPmC+Pw9cdke3sNfVN6pT2hbJ58+jP8BCThl5HXOg=="],

    "@oxfmt/binding-linux-arm-gnueabihf": ["@oxfmt/binding-linux-arm-gnueabihf@0.67.0", "", { "os": "linux", "cpu": "arm" }, "sha512-yy+OGys07IZOpOmYPZoObKyUQLkfxeQqeCypk+1jaZd8HGo77hzvU1Jg8X3+W75o+9lszOjBfg0nkGtlwYywXw=="],

    "@oxfmt/binding-linux-arm-musleabihf": ["@oxfmt/binding-linux-arm-musleabihf@0.67.0", "", { "os": "linux", "cpu": "arm" }, "sha512-wPIeeigXgJpwNw3wydYRt3U9iN9Y/ejpOZuYL9IA7igxWs7LIQMOkhKxTumRvy6dIv0iXKk3RTw3Vmjg0i+2sg=="],

    "@oxfmt/binding-linux-arm64-gnu": ["@oxfmt/binding-linux-arm64-gnu@0.67.0", "", { "os": "linux", "cpu": "arm64" }, "sha512-0+XNxcdbkTfxdcD4qW6Ci9n+mBNJ8xTBumnxKvKBmRFOdx0Wf8/KiHjCJayooXmYkqRpRVd98Q5egvzx5BLSgQ=="],

    "@oxfmt/binding-linux-arm64-musl": ["@oxfmt/binding-linux-arm64-musl@0.67.0", "", { "os": "linux", "cpu": "arm64" }, "sha512-I75LKPJyNOYUzkqAiAMIE31+Ye7xtQXZdoty1IXn4B+bw5Zpmez5wfG19ejGpNnS/BzQ7LFS+7jxuTPb+vHiZw=="],

    "@oxfmt/binding-linux-ppc64-gnu": ["@oxfmt/binding-linux-ppc64-gnu@0.67.0", "", { "os": "linux", "cpu": "ppc64" }, "sha512-c2M5iRpe1QMZSRE/UvZoPdXBWb5Ic/ycvOyNiKCqPwQ/OyOKIMiJs02ynlNnjb7ZZJnRXYLmGcohoINOcwDK3w=="],

    "@oxfmt/binding-linux-riscv64-gnu": ["@oxfmt/binding-linux-riscv64-gnu@0.67.0", "", { "os": "linux", "cpu": "none" }, "sha512-dQzzYlV24Udhfm5ECuSdgqRvFJU/CGHzcYYEO3dLM6W6+CHiBFrq9OjIllkdCcPhsoSQ8o223Dja84MOSzed9A=="],

    "@oxfmt/binding-linux-riscv64-musl": ["@oxfmt/binding-linux-riscv64-musl@0.67.0", "", { "os": "linux", "cpu": "none" }, "sha512-rFNq1CgX4qMJANOq42LkAs90JE80GpiaEohAV2qn/gT2hGjQTW1zBO5zQBxArI4926pM1OSzo3CN0tBszGBIaA=="],

    "@oxfmt/binding-linux-s390x-gnu": ["@oxfmt/binding-linux-s390x-gnu@0.67.0", "", { "os": "linux", "cpu": "s390x" }, "sha512-Sky6rEdz2o5IGq01lPhS12yEvDdChVEcaYrcLHkveh4Fx0qPjljE/Iul6SX/bRMl6lNc8J7J/mDQdzgBdA++Pg=="],

    "@oxfmt/binding-linux-x64-gnu": ["@oxfmt/binding-linux-x64-gnu@0.67.0", "", { "os": "linux", "cpu": "x64" }, "sha512-vPXmlNORV8AZq2Ocxh07pxwMjfENUWCV/eZArnao0qC3NO/hDeTVkQvee7SJJUbIiF5PZbBa4kYmaXnu7Rk58w=="],

    "@oxfmt/binding-linux-x64-musl": ["@oxfmt/binding-linux-x64-musl@0.67.0", "", { "os": "linux", "cpu": "x64" }, "sha512-x/WAtFqYtVr3vZ9ni8nr4kn9whSitg8fOljq/pZzBpxopRdY1BMLZCZkrbIbaBcYkm46qGbqVea2FCWmtQ2P9w=="],

    "@oxfmt/binding-openharmony-arm64": ["@oxfmt/binding-openharmony-arm64@0.67.0", "", { "os": "none", "cpu": "arm64" }, "sha512-eRw9Neh4/aA6i+q/R3WU1gGQINhVM0J4fXIm6t27caOamkr/37uAkp1IdBx4zlJH97hmXR63z/q9n5c5dN7MzA=="],

    "@oxfmt/binding-win32-arm64-msvc": ["@oxfmt/binding-win32-arm64-msvc@0.67.0", "", { "os": "win32", "cpu": "arm64" }, "sha512-YIMvb+sGNYN2uc6+QK2HLPeEKM2vl7QZ5onQzpAJRb6pnf0DwUFP5R8tdS9R0l8hdUil2gu4Uxd0Yxrop0iT4w=="],

    "@oxfmt/binding-win32-ia32-msvc": ["@oxfmt/binding-win32-ia32-msvc@0.67.0", "", { "os": "win32", "cpu": "ia32" }, "sha512-LzmU9MyACPzwNDIK0ItMedHPz735Ug7ELWguxo4/kuy6zWuDoeglOAEFCY8jLg0PzRpFO3hDyLFe2Gu2eFDeGA=="],

    "@oxfmt/binding-win32-x64-msvc": ["@oxfmt/binding-win32-x64-msvc@0.67.0", "", { "os": "win32", "cpu": "x64" }, "sha512-sbQOIDNLUEeVZcAJcSL5VURn7kfjvilPviody4Yl5n8lQCDtUm+C9oHTTwZS/m4d/Z6Vv3jNEiAofH932NPPCg=="],

    "@oxlint/binding-android-arm-eabi": ["@oxlint/binding-android-arm-eabi@1.81.0", "", { "os": "android", "cpu": "arm" }, "sha512-IcCRsXiedJoJopY6mpZUBEeVFsUrutmrG7dZ87zMuKJlhg70Ora9bBl1WcCxZQtyI10YpnVdEso5oCg7YcfSHw=="],

    "@oxlint/binding-android-arm64": ["@oxlint/binding-android-arm64@1.81.0", "", { "os": "android", "cpu": "arm64" }, "sha512-GRrIPyTGVhx3L3h+0T5xT2A0jFAcdPv4+IfuXpGDLIdl6XeYhgg/zw72A5ILZoUgRqZuM8F1y+V/gfDriXSxzQ=="],

    "@oxlint/binding-darwin-arm64": ["@oxlint/binding-darwin-arm64@1.81.0", "", { "os": "darwin", "cpu": "arm64" }, "sha512-qNQ9tXRgLuKbqSV1S2h9h4KPHjbovO7RRR2/enUOtHzTkFZ7B9X5zqqHJua8dRyc7dBy7Aoyq5pqTSLFVcAzGQ=="],

    "@oxlint/binding-darwin-x64": ["@oxlint/binding-darwin-x64@1.81.0", "", { "os": "darwin", "cpu": "x64" }, "sha512-q0QTm32jWga2Gv4j7IaVZN0jYMi9UV73sWVgFtDA4iIfqwMCLLZ3ve+9KwfYtsaKZSgQhmPaogeZWqDZpcY1Pw=="],

    "@oxlint/binding-freebsd-x64": ["@oxlint/binding-freebsd-x64@1.81.0", "", { "os": "freebsd", "cpu": "x64" }, "sha512-/+8wVWDXEC7wHVAhOc59Fw/SkMc1arLkFD8iQCaSsmzenK1X4doFqquL9H1wrtGUzaiycVqkf/sSpcILK6W1UA=="],

    "@oxlint/binding-linux-arm-gnueabihf": ["@oxlint/binding-linux-arm-gnueabihf@1.81.0", "", { "os": "linux", "cpu": "arm" }, "sha512-4xt422FEgioRq9hAL4Tq7fujGUWnc8z1BJ+Oi8RN8vB8axaP+sdK6a2xdlcQCCYnJg9QMuMFS0AucuIFx/EacA=="],

    "@oxlint/binding-linux-arm-musleabihf": ["@oxlint/binding-linux-arm-musleabihf@1.81.0", "", { "os": "linux", "cpu": "arm" }, "sha512-u3vna8KdGplH4DRCW9K54D68fcMo7IxVrkCJWwXnIhwtBdnDnYrmzOUA/XjmBlPpcLsgw9Z5BNdY4za9+Dj+MQ=="],

    "@oxlint/binding-linux-arm64-gnu": ["@oxlint/binding-linux-arm64-gnu@1.81.0", "", { "os": "linux", "cpu": "arm64" }, "sha512-3j9k+gsYsE7nv71GWotXsqsa2l9/aJenD7dVHNt/CBvsb0SgRjSMnHFeP59IXUAl1wvVFhqGl2wJNMwWU3UBlA=="],

    "@oxlint/binding-linux-arm64-musl": ["@oxlint/binding-linux-arm64-musl@1.81.0", "", { "os": "linux", "cpu": "arm64" }, "sha512-k5iAp3dNxW0/uDCBY+WSm8jKB2szu7SkEQZdgRRpDXvuDd69vvDcqhB3A/pWCfCwXyenjNjFn9Td1fVoyAc+Yg=="],

    "@oxlint/binding-linux-ppc64-gnu": ["@oxlint/binding-linux-ppc64-gnu@1.81.0", "", { "os": "linux", "cpu": "ppc64" }, "sha512-TFqLja3uYmVSte6nof9GWrex9Z8WgdZrNiLC6Te5rXGDqXB2y4j/26iFhwosXiAFqDhE9JJVuuCkDKLwptTn1g=="],

    "@oxlint/binding-linux-riscv64-gnu": ["@oxlint/binding-linux-riscv64-gnu@1.81.0", "", { "os": "linux", "cpu": "none" }, "sha512-UEcySvGS0NOVo7h7n7CYyJL9+6gFAh7Zc/ToDXVScFvzHSTIxtzkMVU30rmQ6+nQ1LF+UdiRDdJajpDu+OylLg=="],

    "@oxlint/binding-linux-riscv64-musl": ["@oxlint/binding-linux-riscv64-musl@1.81.0", "", { "os": "linux", "cpu": "none" }, "sha512-H+diDbhD00+wI1IRP8Kz88x/lat+DgtoBJzoTthS16xkTJGNaEkfb8gzmd1rzc/2uDQQMl7GNl+JFUacVeWxIA=="],

    "@oxlint/binding-linux-s390x-gnu": ["@oxlint/binding-linux-s390x-gnu@1.81.0", "", { "os": "linux", "cpu": "s390x" }, "sha512-8znJ/5TekjOKg1j1Acho4PJMdiAHLtlcXuWEiipOhAMV6rQcXdmDdXCbheyDczN6TjBwiNfjcP81k4AthrKRzw=="],

    "@oxlint/binding-linux-x64-gnu": ["@oxlint/binding-linux-x64-gnu@1.81.0", "", { "os": "linux", "cpu": "x64" }, "sha512-Q2Wj70yFsvn5QjlmifFzbj4H+kJy53bwqc41o1fzoM7MpLV1NIbhg/LpWXRfC6KOkSAdUx1Wd8VJsdPmhp/HRA=="],

    "@oxlint/binding-linux-x64-musl": ["@oxlint/binding-linux-x64-musl@1.81.0", "", { "os": "linux", "cpu": "x64" }, "sha512-cPInHp/ddEe5qkyK2IiyQ8Q3Mp2oLLEhhsGgTK2oZx4L6+llGam1H1yBvJZ7qHfOXj8N3hxBS8sj4tO+gtFlIg=="],

    "@oxlint/binding-openharmony-arm64": ["@oxlint/binding-openharmony-arm64@1.81.0", "", { "os": "none", "cpu": "arm64" }, "sha512-0CQxSX4ajqm07AHBf5U33qQzXKdd7wtq/oTL/7vpY6RNNuxrRi8W4bqUV1Jyu/vj+9KmxQyDhxfeVX1nQL6kfg=="],

    "@oxlint/binding-win32-arm64-msvc": ["@oxlint/binding-win32-arm64-msvc@1.81.0", "", { "os": "win32", "cpu": "arm64" }, "sha512-l0hbeISm9673hVrrQU8j/p2M7YH9Ouoj7p7E/QM55NTrKVLP+P3PF8hLu+OY+x0VtGRW+ggiQKZqmdYps9H+TA=="],

    "@oxlint/binding-win32-ia32-msvc": ["@oxlint/binding-win32-ia32-msvc@1.81.0", "", { "os": "win32", "cpu": "ia32" }, "sha512-ksqPP5jbFXcYreEQ7zdJh06rJQBymCTyGRCdaXjfcf2aG4f8KxUWY5wcgYHmaTK+FJ4bPG5sUAdOX+6trnH1JA=="],

    "@oxlint/binding-win32-x64-msvc": ["@oxlint/binding-win32-x64-msvc@1.81.0", "", { "os": "win32", "cpu": "x64" }, "sha512-IZuUCwGw9emG5JtCp+fYGB+Z4OWEoeEcM8R5BA1pYw63/ieYFVdcU2ylxTpHbVHSenZnsYE+ZZ20uHAJszQ4cA=="],

    "@smithy/abort-controller": ["@smithy/abort-controller@4.2.5", "", { "dependencies": { "@smithy/types": "^4.9.0", "tslib": "^2.6.2" } }, "sha512-j7HwVkBw68YW8UmFRcjZOmssE77Rvk0GWAIN1oFBhsaovQmZWYCIcGa9/pwRB0ExI8Sk9MWNALTjftjHZea7VA=="],

    "@smithy/config-resolver": ["@smithy/config-resolver@4.4.3", "", { "dependencies": { "@smithy/node-config-provider": "^4.3.5", "@smithy/types": "^4.9.0", "@smithy/util-config-provider": "^4.2.0", "@smithy/util-endpoints": "^3.2.5", "@smithy/util-middleware": "^4.2.5", "tslib": "^2.6.2" } }, "sha512-ezHLe1tKLUxDJo2LHtDuEDyWXolw8WGOR92qb4bQdWq/zKenO5BvctZGrVJBK08zjezSk7bmbKFOXIVyChvDLw=="],

    "@smithy/core": ["@smithy/core@3.18.4", "", { "dependencies": { "@smithy/middleware-serde": "^4.2.6", "@smithy/protocol-http": "^5.3.5", "@smithy/types": "^4.9.0", "@smithy/util-base64": "^4.3.0", "@smithy/util-body-length-browser": "^4.2.0", "@smithy/util-middleware": "^4.2.5", "@smithy/util-stream": "^4.5.6", "@smithy/util-utf8": "^4.2.0", "@smithy/uuid": "^1.1.0", "tslib": "^2.6.2" } }, "sha512-o5tMqPZILBvvROfC8vC+dSVnWJl9a0u9ax1i1+Bq8515eYjUJqqk5XjjEsDLoeL5dSqGSh6WGdVx1eJ1E/Nwhw=="],

    "@smithy/credential-provider-imds": ["@smithy/credential-provider-imds@4.2.5", "", { "dependencies": { "@smithy/node-config-provider": "^4.3.5", "@smithy/property-provider": "^4.2.5", "@smithy/types": "^4.9.0", "@smithy/url-parser": "^4.2.5", "tslib": "^2.6.2" } }, "sha512-BZwotjoZWn9+36nimwm/OLIcVe+KYRwzMjfhd4QT7QxPm9WY0HiOV8t/Wlh+HVUif0SBVV7ksq8//hPaBC/okQ=="],

    "@smithy/fetch-http-handler": ["@smithy/fetch-http-handler@5.3.6", "", { "dependencies": { "@smithy/protocol-http": "^5.3.5", "@smithy/querystring-builder": "^4.2.5", "@smithy/types": "^4.9.0", "@smithy/util-base64": "^4.3.0", "tslib": "^2.6.2" } }, "sha512-3+RG3EA6BBJ/ofZUeTFJA7mHfSYrZtQIrDP9dI8Lf7X6Jbos2jptuLrAAteDiFVrmbEmLSuRG/bUKzfAXk7dhg=="],

    "@smithy/hash-node": ["@smithy/hash-node@4.2.5", "", { "dependencies": { "@smithy/types": "^4.9.0", "@smithy/util-buffer-from": "^4.2.0", "@smithy/util-utf8": "^4.2.0", "tslib": "^2.6.2" } }, "sha512-DpYX914YOfA3UDT9CN1BM787PcHfWRBB43fFGCYrZFUH0Jv+5t8yYl+Pd5PW4+QzoGEDvn5d5QIO4j2HyYZQSA=="],

    "@smithy/invalid-dependency": ["@smithy/invalid-dependency@4.2.5", "", { "dependencies": { "@smithy/types": "^4.9.0", "tslib": "^2.6.2" } }, "sha512-2L2erASEro1WC5nV+plwIMxrTXpvpfzl4e+Nre6vBVRR2HKeGGcvpJyyL3/PpiSg+cJG2KpTmZmq934Olb6e5A=="],

    "@smithy/is-array-buffer": ["@smithy/is-array-buffer@4.2.0", "", { "dependencies": { "tslib": "^2.6.2" } }, "sha512-DZZZBvC7sjcYh4MazJSGiWMI2L7E0oCiRHREDzIxi/M2LY79/21iXt6aPLHge82wi5LsuRF5A06Ds3+0mlh6CQ=="],

    "@smithy/middleware-content-length": ["@smithy/middleware-content-length@4.2.5", "", { "dependencies": { "@smithy/protocol-http": "^5.3.5", "@smithy/types": "^4.9.0", "tslib": "^2.6.2" } }, "sha512-Y/RabVa5vbl5FuHYV2vUCwvh/dqzrEY/K2yWPSqvhFUwIY0atLqO4TienjBXakoy4zrKAMCZwg+YEqmH7jaN7A=="],

    "@smithy/middleware-endpoint": ["@smithy/middleware-endpoint@4.3.11", "", { "dependencies": { "@smithy/core": "^3.18.4", "@smithy/middleware-serde": "^4.2.6", "@smithy/node-config-provider": "^4.3.5", "@smithy/shared-ini-file-loader": "^4.4.0", "@smithy/types": "^4.9.0", "@smithy/url-parser": "^4.2.5", "@smithy/util-middleware": "^4.2.5", "tslib": "^2.6.2" } }, "sha512-eJXq9VJzEer1W7EQh3HY2PDJdEcEUnv6sKuNt4eVjyeNWcQFS4KmnY+CKkYOIR6tSqarn6bjjCqg1UB+8UJiPQ=="],

    "@smithy/middleware-retry": ["@smithy/middleware-retry@4.4.11", "", { "dependencies": { "@smithy/node-config-provider": "^4.3.5", "@smithy/protocol-http": "^5.3.5", "@smithy/service-error-classification": "^4.2.5", "@smithy/smithy-client": "^4.9.7", "@smithy/types": "^4.9.0", "@smithy/util-middleware": "^4.2.5", "@smithy/util-retry": "^4.2.5", "@smithy/uuid": "^1.1.0", "tslib": "^2.6.2" } }, "sha512-EL5OQHvFOKneJVRgzRW4lU7yidSwp/vRJOe542bHgExN3KNThr1rlg0iE4k4SnA+ohC+qlUxoK+smKeAYPzfAQ=="],

    "@smithy/middleware-serde": ["@smithy/middleware-serde@4.2.6", "", { "dependencies": { "@smithy/protocol-http": "^5.3.5", "@smithy/types": "^4.9.0", "tslib": "^2.6.2" } }, "sha512-VkLoE/z7e2g8pirwisLz8XJWedUSY8my/qrp81VmAdyrhi94T+riBfwP+AOEEFR9rFTSonC/5D2eWNmFabHyGQ=="],

    "@smithy/middleware-stack": ["@smithy/middleware-stack@4.2.5", "", { "dependencies": { "@smithy/types": "^4.9.0", "tslib": "^2.6.2" } }, "sha512-bYrutc+neOyWxtZdbB2USbQttZN0mXaOyYLIsaTbJhFsfpXyGWUxJpEuO1rJ8IIJm2qH4+xJT0mxUSsEDTYwdQ=="],

    "@smithy/node-config-provider": ["@smithy/node-config-provider@4.3.5", "", { "dependencies": { "@smithy/property-provider": "^4.2.5", "@smithy/shared-ini-file-loader": "^4.4.0", "@smithy/types": "^4.9.0", "tslib": "^2.6.2" } }, "sha512-UTurh1C4qkVCtqggI36DGbLB2Kv8UlcFdMXDcWMbqVY2uRg0XmT9Pb4Vj6oSQ34eizO1fvR0RnFV4Axw4IrrAg=="],

    "@smithy/node-http-handler": ["@smithy/node-http-handler@4.4.5", "", { "dependencies": { "@smithy/abort-controller": "^4.2.5", "@smithy/protocol-http": "^5.3.5", "@smithy/querystring-builder": "^4.2.5", "@smithy/types": "^4.9.0", "tslib": "^2.6.2" } }, "sha512-CMnzM9R2WqlqXQGtIlsHMEZfXKJVTIrqCNoSd/QpAyp+Dw0a1Vps13l6ma1fH8g7zSPNsA59B/kWgeylFuA/lw=="],

    "@smithy/property-provider": ["@smithy/property-provider@4.2.5", "", { "dependencies": { "@smithy/types": "^4.9.0", "tslib": "^2.6.2" } }, "sha512-8iLN1XSE1rl4MuxvQ+5OSk/Zb5El7NJZ1td6Tn+8dQQHIjp59Lwl6bd0+nzw6SKm2wSSriH2v/I9LPzUic7EOg=="],

    "@smithy/protocol-http": ["@smithy/protocol-http@5.3.5", "", { "dependencies": { "@smithy/types": "^4.9.0", "tslib": "^2.6.2" } }, "sha512-RlaL+sA0LNMp03bf7XPbFmT5gN+w3besXSWMkA8rcmxLSVfiEXElQi4O2IWwPfxzcHkxqrwBFMbngB8yx/RvaQ=="],

    "@smithy/querystring-builder": ["@smithy/querystring-builder@4.2.5", "", { "dependencies": { "@smithy/types": "^4.9.0", "@smithy/util-uri-escape": "^4.2.0", "tslib": "^2.6.2" } }, "sha512-y98otMI1saoajeik2kLfGyRp11e5U/iJYH/wLCh3aTV/XutbGT9nziKGkgCaMD1ghK7p6htHMm6b6scl9JRUWg=="],

    "@smithy/querystring-parser": ["@smithy/querystring-parser@4.2.5", "", { "dependencies": { "@smithy/types": "^4.9.0", "tslib": "^2.6.2" } }, "sha512-031WCTdPYgiQRYNPXznHXof2YM0GwL6SeaSyTH/P72M1Vz73TvCNH2Nq8Iu2IEPq9QP2yx0/nrw5YmSeAi/AjQ=="],

    "@smithy/service-error-classification": ["@smithy/service-error-classification@4.2.5", "", { "dependencies": { "@smithy/types": "^4.9.0" } }, "sha512-8fEvK+WPE3wUAcDvqDQG1Vk3ANLR8Px979te96m84CbKAjBVf25rPYSzb4xU4hlTyho7VhOGnh5i62D/JVF0JQ=="],

    "@smithy/shared-ini-file-loader": ["@smithy/shared-ini-file-loader@4.4.0", "", { "dependencies": { "@smithy/types": "^4.9.0", "tslib": "^2.6.2" } }, "sha512-5WmZ5+kJgJDjwXXIzr1vDTG+RhF9wzSODQBfkrQ2VVkYALKGvZX1lgVSxEkgicSAFnFhPj5rudJV0zoinqS0bA=="],

    "@smithy/signature-v4": ["@smithy/signature-v4@5.3.5", "", { "dependencies": { "@smithy/is-array-buffer": "^4.2.0", "@smithy/protocol-http": "^5.3.5", "@smithy/types": "^4.9.0", "@smithy/util-hex-encoding": "^4.2.0", "@smithy/util-middleware": "^4.2.5", "@smithy/util-uri-escape": "^4.2.0", "@smithy/util-utf8": "^4.2.0", "tslib": "^2.6.2" } }, "sha512-xSUfMu1FT7ccfSXkoLl/QRQBi2rOvi3tiBZU2Tdy3I6cgvZ6SEi9QNey+lqps/sJRnogIS+lq+B1gxxbra2a/w=="],

    "@smithy/smithy-client": ["@smithy/smithy-client@4.9.7", "", { "dependencies": { "@smithy/core": "^3.18.4", "@smithy/middleware-endpoint": "^4.3.11", "@smithy/middleware-stack": "^4.2.5", "@smithy/protocol-http": "^5.3.5", "@smithy/types": "^4.9.0", "@smithy/util-stream": "^4.5.6", "tslib": "^2.6.2" } }, "sha512-pskaE4kg0P9xNQWihfqlTMyxyFR3CH6Sr6keHYghgyqqDXzjl2QJg5lAzuVe/LzZiOzcbcVtxKYi1/fZPt/3DA=="],

    "@smithy/types": ["@smithy/types@4.9.0", "", { "dependencies": { "tslib": "^2.6.2" } }, "sha512-MvUbdnXDTwykR8cB1WZvNNwqoWVaTRA0RLlLmf/cIFNMM2cKWz01X4Ly6SMC4Kks30r8tT3Cty0jmeWfiuyHTA=="],

    "@smithy/url-parser": ["@smithy/url-parser@4.2.5", "", { "dependencies": { "@smithy/querystring-parser": "^4.2.5", "@smithy/types": "^4.9.0", "tslib": "^2.6.2" } }, "sha512-VaxMGsilqFnK1CeBX+LXnSuaMx4sTL/6znSZh2829txWieazdVxr54HmiyTsIbpOTLcf5nYpq9lpzmwRdxj6rQ=="],

    "@smithy/util-base64": ["@smithy/util-base64@4.3.0", "", { "dependencies": { "@smithy/util-buffer-from": "^4.2.0", "@smithy/util-utf8": "^4.2.0", "tslib": "^2.6.2" } }, "sha512-GkXZ59JfyxsIwNTWFnjmFEI8kZpRNIBfxKjv09+nkAWPt/4aGaEWMM04m4sxgNVWkbt2MdSvE3KF/PfX4nFedQ=="],

    "@smithy/util-body-length-browser": ["@smithy/util-body-length-browser@4.2.0", "", { "dependencies": { "tslib": "^2.6.2" } }, "sha512-Fkoh/I76szMKJnBXWPdFkQJl2r9SjPt3cMzLdOB6eJ4Pnpas8hVoWPYemX/peO0yrrvldgCUVJqOAjUrOLjbxg=="],

    "@smithy/util-body-length-node": ["@smithy/util-body-length-node@4.2.1", "", { "dependencies": { "tslib": "^2.6.2" } }, "sha512-h53dz/pISVrVrfxV1iqXlx5pRg3V2YWFcSQyPyXZRrZoZj4R4DeWRDo1a7dd3CPTcFi3kE+98tuNyD2axyZReA=="],

    "@smithy/util-buffer-from": ["@smithy/util-buffer-from@4.2.0", "", { "dependencies": { "@smithy/is-array-buffer": "^4.2.0", "tslib": "^2.6.2" } }, "sha512-kAY9hTKulTNevM2nlRtxAG2FQ3B2OR6QIrPY3zE5LqJy1oxzmgBGsHLWTcNhWXKchgA0WHW+mZkQrng/pgcCew=="],

    "@smithy/util-config-provider": ["@smithy/util-config-provider@4.2.0", "", { "dependencies": { "tslib": "^2.6.2" } }, "sha512-YEjpl6XJ36FTKmD+kRJJWYvrHeUvm5ykaUS5xK+6oXffQPHeEM4/nXlZPe+Wu0lsgRUcNZiliYNh/y7q9c2y6Q=="],

    "@smithy/util-defaults-mode-browser": ["@smithy/util-defaults-mode-browser@4.3.10", "", { "dependencies": { "@smithy/property-provider": "^4.2.5", "@smithy/smithy-client": "^4.9.7", "@smithy/types": "^4.9.0", "tslib": "^2.6.2" } }, "sha512-3iA3JVO1VLrP21FsZZpMCeF93aqP3uIOMvymAT3qHIJz2YlgDeRvNUspFwCNqd/j3qqILQJGtsVQnJZICh/9YA=="],

    "@smithy/util-defaults-mode-node": ["@smithy/util-defaults-mode-node@4.2.13", "", { "dependencies": { "@smithy/config-resolver": "^4.4.3", "@smithy/credential-provider-imds": "^4.2.5", "@smithy/node-config-provider": "^4.3.5", "@smithy/property-provider": "^4.2.5", "@smithy/smithy-client": "^4.9.7", "@smithy/types": "^4.9.0", "tslib": "^2.6.2" } }, "sha512-PTc6IpnpSGASuzZAgyUtaVfOFpU0jBD2mcGwrgDuHf7PlFgt5TIPxCYBDbFQs06jxgeV3kd/d/sok1pzV0nJRg=="],

    "@smithy/util-endpoints": ["@smithy/util-endpoints@3.2.5", "", { "dependencies": { "@smithy/node-config-provider": "^4.3.5", "@smithy/types": "^4.9.0", "tslib": "^2.6.2" } }, "sha512-3O63AAWu2cSNQZp+ayl9I3NapW1p1rR5mlVHcF6hAB1dPZUQFfRPYtplWX/3xrzWthPGj5FqB12taJJCfH6s8A=="],

    "@smithy/util-hex-encoding": ["@smithy/util-hex-encoding@4.2.0", "", { "dependencies": { "tslib": "^2.6.2" } }, "sha512-CCQBwJIvXMLKxVbO88IukazJD9a4kQ9ZN7/UMGBjBcJYvatpWk+9g870El4cB8/EJxfe+k+y0GmR9CAzkF+Nbw=="],

    "@smithy/util-middleware": ["@smithy/util-middleware@4.2.5", "", { "dependencies": { "@smithy/types": "^4.9.0", "tslib": "^2.6.2" } }, "sha512-6Y3+rvBF7+PZOc40ybeZMcGln6xJGVeY60E7jy9Mv5iKpMJpHgRE6dKy9ScsVxvfAYuEX4Q9a65DQX90KaQ3bA=="],

    "@smithy/util-retry": ["@smithy/util-retry@4.2.5", "", { "dependencies": { "@smithy/service-error-classification": "^4.2.5", "@smithy/types": "^4.9.0", "tslib": "^2.6.2" } }, "sha512-GBj3+EZBbN4NAqJ/7pAhsXdfzdlznOh8PydUijy6FpNIMnHPSMO2/rP4HKu+UFeikJxShERk528oy7GT79YiJg=="],

    "@smithy/util-stream": ["@smithy/util-stream@4.5.6", "", { "dependencies": { "@smithy/fetch-http-handler": "^5.3.6", "@smithy/node-http-handler": "^4.4.5", "@smithy/types": "^4.9.0", "@smithy/util-base64": "^4.3.0", "@smithy/util-buffer-from": "^4.2.0", "@smithy/util-hex-encoding": "^4.2.0", "@smithy/util-utf8": "^4.2.0", "tslib": "^2.6.2" } }, "sha512-qWw/UM59TiaFrPevefOZ8CNBKbYEP6wBAIlLqxn3VAIo9rgnTNc4ASbVrqDmhuwI87usnjhdQrxodzAGFFzbRQ=="],

    "@smithy/util-uri-escape": ["@smithy/util-uri-escape@4.2.0", "", { "dependencies": { "tslib": "^2.6.2" } }, "sha512-igZpCKV9+E/Mzrpq6YacdTQ0qTiLm85gD6N/IrmyDvQFA4UnU3d5g3m8tMT/6zG/vVkWSU+VxeUyGonL62DuxA=="],

    "@smithy/util-utf8": ["@smithy/util-utf8@4.2.0", "", { "dependencies": { "@smithy/util-buffer-from": "^4.2.0", "tslib": "^2.6.2" } }, "sha512-zBPfuzoI8xyBtR2P6WQj63Rz8i3AmfAaJLuNG8dWsfvPe8lO4aCPYLn879mEgHndZH1zQ2oXmG8O1GGzzaoZiw=="],

    "@smithy/util-waiter": ["@smithy/util-waiter@4.2.5", "", { "dependencies": { "@smithy/abort-controller": "^4.2.5", "@smithy/types": "^4.9.0", "tslib": "^2.6.2" } }, "sha512-Dbun99A3InifQdIrsXZ+QLcC0PGBPAdrl4cj1mTgJvyc9N2zf7QSxg8TBkzsCmGJdE3TLbO9ycwpY0EkWahQ/g=="],

    "@smithy/uuid": ["@smithy/uuid@1.1.0", "", { "dependencies": { "tslib": "^2.6.2" } }, "sha512-4aUIteuyxtBUhVdiQqcDhKFitwfd9hqoSDYY2KRXiWtgoWJ9Bmise+KfEPDiVHWeJepvF8xJO9/9+WDIciMFFw=="],

    "@types/bun": ["@types/bun@1.4.2", "", { "dependencies": { "bun-types": "1.4.2" } }, "sha512-GimotNn7+ZV0uVArItBbriZsR1oNf0+WTzPkdcFrzShI7k2norL0uzEaJT8T33dWr7O/c9ZDuAFQrctKCi72oQ=="],

    "@types/node": ["@types/node@24.10.1", "", { "dependencies": { "undici-types": "~7.16.0" } }, "sha512-GNWcUTRBgIRJD5zj+Tq0fKOJ5XZajIiBroOF0yvj2bSU1WvNdYS/dn9UxwsujGW4JX06dnHyjV2y9rRaybH0iQ=="],

    "bowser": ["bowser@2.12.1", "", {}, "sha512-z4rE2Gxh7tvshQ4hluIT7XcFrgLIQaw9X3A+kTTRdovCz5PMukm/0QC/BKSYPj3omF5Qfypn9O/c5kgpmvYUCw=="],

    "bun-types": ["bun-types@1.4.2", "", { "dependencies": { "@types/node": "*" } }, "sha512-bxV1FgK7yBIzjRe5zBozIM4Bem11ZJcCXSrjWRG3YWLt8yFDePu4cLjpebO8OvPeIE9trbyPF4fuj3Cia4Fj3w=="],

    "chalk": ["chalk@6.0.0", "", {}, "sha512-2uNTXIuTTxk7ciZgAU1BQcgnchcG0xXnrs6jzkQfj9SsRa9M2s5zE8WT96hS6KmG4MzWHSrvH43DF1m4XRkrFg=="],

    "decopin-cli": ["decopin-cli@2026.909.1531", "", { "dependencies": { "valibot": "^1.4.2" }, "bin": { "decopin": "lib/cli/bin.js" } }, "sha512-qK5fPMZSsHxdAxvP6uEsDaAVm56gQ0a2e5L8Vq4leD/8dLaFPSkGVXcA9kv8KEiHcRSaR1dtLXCdKGZsZUU+fw=="],

    "fast-xml-parser": ["fast-xml-parser@5.2.5", "", { "dependencies": { "strnum": "^2.1.0" }, "bin": { "fxparser": "src/cli/cli.js" } }, "sha512-pfX9uG9Ki0yekDHx2SiuRIyFdyAr1kMIMitPvb0YBo8SUfKvia7w7FIyd/l6av85pFYRhZscS75MwMnbvY+hcQ=="],

    "fuse.js": ["fuse.js@7.1.0", "", {}, "sha512-trLf4SzuuUxfusZADLINj+dE8clK1frKdmqiJNb1Es75fmI5oY6X2mxLVUciLLjxqw/xr72Dhy+lER6dGd02FQ=="],

    "oxfmt": ["oxfmt@0.67.0", "", { "dependencies": { "tinypool": "2.1.2" }, "optionalDependencies": { "@oxfmt/binding-android-arm-eabi": "0.67.0", "@oxfmt/binding-android-arm64": "0.67.0", "@oxfmt/binding-darwin-arm64": "0.67.0", "@oxfmt/binding-darwin-x64": "0.67.0", "@oxfmt/binding-freebsd-x64": "0.67.0", "@oxfmt/binding-linux-arm-gnueabihf": "0.67.0", "@oxfmt/binding-linux-arm-musleabihf": "0.67.0", "@oxfmt/binding-linux-arm64-gnu": "0.67.0", "@oxfmt/binding-linux-arm64-musl": "0.67.0", "@oxfmt/binding-linux-ppc64-gnu": "0.67.0", "@oxfmt/binding-linux-riscv64-gnu": "0.67.0", "@oxfmt/binding-linux-riscv64-musl": "0.67.0", "@oxfmt/binding-linux-s390x-gnu": "0.67.0", "@oxfmt/binding-linux-x64-gnu": "0.67.0", "@oxfmt/binding-linux-x64-musl": "0.67.0", "@oxfmt/binding-openharmony-arm64": "0.67.0", "@oxfmt/binding-win32-arm64-msvc": "0.67.0", "@oxfmt/binding-win32-ia32-msvc": "0.67.0", "@oxfmt/binding-win32-x64-msvc": "0.67.0" }, "peerDependencies": { "svelte": "^5.0.0", "vite-plus": "*" }, "optionalPeers": ["svelte", "vite-plus"], "bin": { "oxfmt": "bin/oxfmt" } }, "sha512-vV7sSiPsaO0mSxdoUdayipVDFPzW/UQ+hrezEHa20+Tx1dnMdZLSRHMT0PdS67FFbhd74M1n08asW21aLGeCrA=="],

    "oxlint": ["oxlint@1.81.0", "", { "optionalDependencies": { "@oxlint/binding-android-arm-eabi": "1.81.0", "@oxlint/binding-android-arm64": "1.81.0", "@oxlint/binding-darwin-arm64": "1.81.0", "@oxlint/binding-darwin-x64": "1.81.0", "@oxlint/binding-freebsd-x64": "1.81.0", "@oxlint/binding-linux-arm-gnueabihf": "1.81.0", "@oxlint/binding-linux-arm-musleabihf": "1.81.0", "@oxlint/binding-linux-arm64-gnu": "1.81.0", "@oxlint/binding-linux-arm64-musl": "1.81.0", "@oxlint/binding-linux-ppc64-gnu": "1.81.0", "@oxlint/binding-linux-riscv64-gnu": "1.81.0", "@oxlint/binding-linux-riscv64-musl": "1.81.0", "@oxlint/binding-linux-s390x-gnu": "1.81.0", "@oxlint/binding-linux-x64-gnu": "1.81.0", "@oxlint/binding-linux-x64-musl": "1.81.0", "@oxlint/binding-openharmony-arm64": "1.81.0", "@oxlint/binding-win32-arm64-msvc": "1.81.0", "@oxlint/binding-win32-ia32-msvc": "1.81.0", "@oxlint/binding-win32-x64-msvc": "1.81.0" }, "peerDependencies": { "oxlint-tsgolint": ">=7.0.2001", "vite-plus": "*" }, "optionalPeers": ["oxlint-tsgolint", "vite-plus"], "bin": { "oxlint": "bin/oxlint" } }, "sha512-HyrJYqeoOCL0iqaLEzGewGT48ZX99P3hxYh8udAF9RGGIghSamkXE4ClUyBpEDNqasamThgmlPbuMOe7SAZmHg=="],

    "prettier": ["prettier@3.6.2", "", { "bin": { "prettier": "bin/prettier.cjs" } }, "sha512-I7AIg5boAr5R0FFtJ6rCfD+LFsWHp81dolrFD8S79U9tb8Az2nGrJncnMSnys+bpQJfRUzqs9hnA81OAA3hCuQ=="],

    "remeda": ["remeda@2.32.0", "", { "dependencies": { "type-fest": "^4.41.0" } }, "sha512-BZx9DsT4FAgXDTOdgJIc5eY6ECIXMwtlSPQoPglF20ycSWigttDDe88AozEsPPT4OWk5NujroGSBC1phw5uU+w=="],

    "strnum": ["strnum@2.1.1", "", {}, "sha512-7ZvoFTiCnGxBtDqJ//Cu6fWtZtc7Y3x+QOirG15wztbdngGSkht27o2pyGWrVy0b4WAy3jbKmnoK6g5VlVNUUw=="],

    "tinypool": ["tinypool@2.1.2", "", {}, "sha512-9YodfrxS9g9IbFr/KOjE5bAeJ0p61n3bW6mqvy0jtoeKd1kTW1Cxm0oulm6KX2lyM9Gl6WIe8nEbY7LWv5ZJww=="],

    "tslib": ["tslib@2.8.1", "", {}, "sha512-oJFu94HQb+KVduSUQL7wnpmqnfmLsOA/nAh6b6EH0wCEoK0/mPeXU6c3wKDV83MkOuHPRHtSXKKU99IBazS/2w=="],

    "type-fest": ["type-fest@4.41.0", "", {}, "sha512-TeTSQ6H5YHvpqVwBRcnLDCBnDOHWYu7IvGbHT6N8AOymcr9PJGjc1GTtiWZTYg0NCgYwvnYWEkVChQAr9bjfwA=="],

    "typescript": ["typescript@5.9.3", "", { "bin": { "tsc": "bin/tsc", "tsserver": "bin/tsserver" } }, "sha512-jl1vZzPDinLr9eUt3J/t7V6FgNEw9QjvBPdysz9KfQDD41fQrC2Y4vKQdiaUpFT4bXlb1RHhLpp8wtm6M5TgSw=="],

    "undici-types": ["undici-types@7.16.0", "", {}, "sha512-Zz+aZWSj8LE6zoxD+xrjh4VfkIG8Ya6LvYkZqtUQGJPZjYl53ypCaUwWqo7eI0x66KBGeRo+mlBEkMSeSZ38Nw=="],

    "valibot": ["valibot@1.1.0", "", { "peerDependencies": { "typescript": ">=5" }, "optionalPeers": ["typescript"] }, "sha512-Nk8lX30Qhu+9txPYTwM0cFlWLdPFsFr6LblzqIySfbZph9+BFsAHsNvHOymEviUepeIW6KFHzpX8TKhbptBXXw=="],

    "@aws-crypto/sha256-browser/@smithy/util-utf8": ["@smithy/util-utf8@2.3.0", "", { "dependencies": { "@smithy/util-buffer-from": "^2.2.0", "tslib": "^2.6.2" } }, "sha512-R8Rdn8Hy72KKcebgLiv8jQcQkXoLMOGGv5uI1/k0l+snqkOzQ1R0ChUBCxWMlBsFMekWjq0wRudIweFs7sKT5A=="],

    "@aws-crypto/util/@smithy/util-utf8": ["@smithy/util-utf8@2.3.0", "", { "dependencies": { "@smithy/util-buffer-from": "^2.2.0", "tslib": "^2.6.2" } }, "sha512-R8Rdn8Hy72KKcebgLiv8jQcQkXoLMOGGv5uI1/k0l+snqkOzQ1R0ChUBCxWMlBsFMekWjq0wRudIweFs7sKT5A=="],

    "decopin-cli/valibot": ["valibot@1.4.2", "", { "peerDependencies": { "typescript": ">=5" }, "optionalPeers": ["typescript"] }, "sha512-gjdCvJ6d3RyHAneqxMYMW9QMCwYMb3jpOO0IyHZV1bnRHFBHrX3VkIILt5XYR0WhwHiH7Mty8ovuPZ/O3gamrg=="],

    "@aws-crypto/sha256-browser/@smithy/util-utf8/@smithy/util-buffer-from": ["@smithy/util-buffer-from@2.2.0", "", { "dependencies": { "@smithy/is-array-buffer": "^2.2.0", "tslib": "^2.6.2" } }, "sha512-IJdWBbTcMQ6DA0gdNhh/BwrLkDR+ADW5Kr1aZmd4k3DIF6ezMV4R2NIAmT08wQJ3yUK82thHWmC/TnK/wpMMIA=="],

    "@aws-crypto/util/@smithy/util-utf8/@smithy/util-buffer-from": ["@smithy/util-buffer-from@2.2.0", "", { "dependencies": { "@smithy/is-array-buffer": "^2.2.0", "tslib": "^2.6.2" } }, "sha512-IJdWBbTcMQ6DA0gdNhh/BwrLkDR+ADW5Kr1aZmd4k3DIF6ezMV4R2NIAmT08wQJ3yUK82thHWmC/TnK/wpMMIA=="],

    "@aws-crypto/sha256-browser/@smithy/util-utf8/@smithy/util-buffer-from/@smithy/is-array-buffer": ["@smithy/is-array-buffer@2.2.0", "", { "dependencies": { "tslib": "^2.6.2" } }, "sha512-GGP3O9QFD24uGeAXYUjwSTXARoqpZykHadOmA8G5vfJPK0/DC67qa//0qvqrJzL1xc8WQWX7/yc7fwudjPHPhA=="],

    "@aws-crypto/util/@smithy/util-utf8/@smithy/util-buffer-from/@smithy/is-array-buffer": ["@smithy/is-array-buffer@2.2.0", "", { "dependencies": { "tslib": "^2.6.2" } }, "sha512-GGP3O9QFD24uGeAXYUjwSTXARoqpZykHadOmA8G5vfJPK0/DC67qa//0qvqrJzL1xc8WQWX7/yc7fwudjPHPhA=="],
  }
}
